
Microsoft Visual Studio Solution File, Format Version 12.00
# Visual Studio Version 16
VisualStudioVersion = 16.0.32407.337
MinimumVisualStudioVersion = 10.0.40219.1
Project("{FAE04EC0-301F-11D3-BF4B-00C04F79EFBC}") = "AuthorProject", "AuthorProject\AuthorProject.csproj", "{FF65C024-68AA-4127-B943-7763FC2C9256}"
EndProject
Global
	GlobalSection(SolutionConfigurationPlatforms) = preSolution
		Debug|Any CPU = Debug|Any CPU
		Release|Any CPU = Release|Any CPU
	EndGlobalSection
	GlobalSection(ProjectConfigurationPlatforms) = postSolution
		{FF65C024-68AA-4127-B943-7763FC2C9256}.Debug|Any CPU.ActiveCfg = Debug|Any CPU
		{FF65C024-68AA-4127-B943-7763FC2C9256}.Debug|Any CPU.Build.0 = Debug|Any CPU
		{FF65C024-68AA-4127-B943-7763FC2C9256}.Release|Any CPU.ActiveCfg = Release|Any CPU
		{FF65C024-68AA-4127-B943-7763FC2C9256}.Release|Any CPU.Build.0 = Release|Any CPU
	EndGlobalSection
	GlobalSection(SolutionProperties) = preSolution
		HideSolutionNode = FALSE
	EndGlobalSection
	GlobalSection(ExtensibilityGlobals) = postSolution
		SolutionGuid = {297E1202-D1FB-46F5-A1BF-390A5CE74265}
	EndGlobalSection
EndGlobal
